
Microsoft Visual Studio Solution File, Format Version 12.00
# Visual Studio 15
Project("{FAE04EC0-301F-11D3-BF4B-00C04F79EFBC}") = "Assembly-CSharp", "Assembly-CSharp.csproj", "{D98A8792-5644-2D2D-9768-C4F46700AC0E}"
EndProject
Global
	GlobalSection(SolutionConfigurationPlatforms) = preSolution
		Debug|Any CPU = Debug|Any CPU
		Release|Any CPU = Release|Any CPU
	EndGlobalSection
	GlobalSection(ProjectConfigurationPlatforms) = postSolution
		{D98A8792-5644-2D2D-9768-C4F46700AC0E}.Debug|Any CPU.ActiveCfg = Debug|Any CPU
		{D98A8792-5644-2D2D-9768-C4F46700AC0E}.Debug|Any CPU.Build.0 = Debug|Any CPU
		{D98A8792-5644-2D2D-9768-C4F46700AC0E}.Release|Any CPU.ActiveCfg = Release|Any CPU
		{D98A8792-5644-2D2D-9768-C4F46700AC0E}.Release|Any CPU.Build.0 = Release|Any CPU
	EndGlobalSection
	GlobalSection(SolutionProperties) = preSolution
		HideSolutionNode = FALSE
	EndGlobalSection
EndGlobal
